schema: '2.0'
stages:
  data_ingestion:
    cmd: python src/data/data_ingestion.py
    deps:
    - path: src/data/data_ingestion.py
      hash: md5
      md5: b87fa96e9fcc78ae8aa08489f83d6487
      size: 3426
    params:
      params.yaml:
        data_ingestion.test_size: 0.2
    outs:
    - path: data/raw
      hash: md5
      md5: fb326d2eec197669f9638afde28356bf.dir
      size: 827973
      nfiles: 2
  data_preprocessing:
    cmd: python src/data/data_preprocessing.py
    deps:
    - path: data/raw
      hash: md5
      md5: fb326d2eec197669f9638afde28356bf.dir
      size: 827973
      nfiles: 2
    - path: src/data/data_preprocessing.py
      hash: md5
      md5: 7733407e457e5084fcd0d1249ce23652
      size: 4906
    outs:
    - path: data/processed
      hash: md5
      md5: ef37afd17951ea8af23114b28d26f784.dir
      size: 566210
      nfiles: 2
  feature_engneering:
    cmd: python src/features/feature_engineering.py
    deps:
    - path: data/processed
      hash: md5
      md5: ef37afd17951ea8af23114b28d26f784.dir
      size: 566210
      nfiles: 2
    - path: src/features/feature_engineering.py
      hash: md5
      md5: 1a63930829ba9239e704ad6223abbebd
      size: 4703
    params:
      params.yaml:
        feature_engineering.max_features: 60
    outs:
    - path: data/features
      hash: md5
      md5: b7f9e89dbfc2d3f3746f701c22c8699b.dir
      size: 2777618
      nfiles: 2
  model_building:
    cmd: python src/model/model_building.py
    deps:
    - path: data/features
      hash: md5
      md5: b7f9e89dbfc2d3f3746f701c22c8699b.dir
      size: 2777618
      nfiles: 2
    - path: src/model/model_building.py
      hash: md5
      md5: 8aef45f19f3c78c29c866b9b77417116
      size: 4006
    params:
      params.yaml:
        model_building.learning_rate: 0.1
        model_building.n_estimators: 50
    outs:
    - path: models/model.pkl
      hash: md5
      md5: 1b371e11581792b09cfe3a1c2fbfecca
      size: 69984
  model_evaluation:
    cmd: python src/model/model_evaluation.py
    deps:
    - path: models/model.pkl
      hash: md5
      md5: 1b371e11581792b09cfe3a1c2fbfecca
      size: 69984
    - path: src/model/model_evaluation.py
      hash: md5
      md5: 804dc68344485e26117e688fc286c934
      size: 4149
    outs:
    - path: reports/metrics.json
      hash: md5
      md5: 5533adb58dc9287808b79a2e1fdee8e7
      size: 145
